
Microsoft Visual Studio Solution File, Format Version 12.00
# Visual Studio 2013
VisualStudioVersion = 12.0.40629.0
MinimumVisualStudioVersion = 10.0.40219.1
Project("{2150E333-8FDC-42A3-9474-1A3956D46DE8}") = "Users", "Users", "{D2852E02-18A0-448B-80A1-2F0ADCBE03D1}"
EndProject
Project("{2150E333-8FDC-42A3-9474-1A3956D46DE8}") = "Notification", "Notification", "{4FDE00FD-5AC4-46A8-A63F-28C506CEA779}"
EndProject
Project("{2150E333-8FDC-42A3-9474-1A3956D46DE8}") = "HR", "HR", "{C2990794-7E75-46DA-B431-BA4FB7295D9D}"
EndProject
Project("{2150E333-8FDC-42A3-9474-1A3956D46DE8}") = "01 - UI", "01 - UI", "{23EAA43A-5E7F-4DF4-A4AF-2B37AF0800F0}"
EndProject
Project("{FAE04EC0-301F-11D3-BF4B-00C04F79EFBC}") = "Microservice.UI", "UI\Microservice.UI\Microservice.UI.csproj", "{A2A68015-F69D-4D57-AA2A-21831208F46E}"
EndProject
Project("{2150E333-8FDC-42A3-9474-1A3956D46DE8}") = "01 - Console", "01 - Console", "{BCF312CF-324A-4C45-AC91-506CDB3FA803}"
EndProject
Project("{2150E333-8FDC-42A3-9474-1A3956D46DE8}") = "01 - Console", "01 - Console", "{27C730C2-C2E0-4EA8-9D9A-815672354E62}"
EndProject
Project("{2150E333-8FDC-42A3-9474-1A3956D46DE8}") = "02 - Domain", "02 - Domain", "{1AA31189-AAD4-4808-90F8-EB4723CBB408}"
EndProject
Project("{2150E333-8FDC-42A3-9474-1A3956D46DE8}") = "03 - Repository", "03 - Repository", "{94BE9E43-88C5-4ABD-ADA7-864E9A004D92}"
EndProject
Project("{2150E333-8FDC-42A3-9474-1A3956D46DE8}") = "01 - Console", "01 - Console", "{8891ABFC-2121-46F8-A324-F07E3567DBF4}"
EndProject
Project("{2150E333-8FDC-42A3-9474-1A3956D46DE8}") = "02 - Domain", "02 - Domain", "{F8D2D395-991C-4E87-9FB1-39CD94CED028}"
EndProject
Project("{2150E333-8FDC-42A3-9474-1A3956D46DE8}") = "03 - Repository", "03 - Repository", "{F24E6EF3-287F-4A2B-9049-DD5B2EE5A48C}"
EndProject
Project("{2150E333-8FDC-42A3-9474-1A3956D46DE8}") = "04 - Messaging", "04 - Messaging", "{ACBE9B86-B0CA-4474-8115-A35B2675E12E}"
EndProject
Project("{FAE04EC0-301F-11D3-BF4B-00C04F79EFBC}") = "Users.Messaging", "Users\Users.Messaging\Users.Messaging.csproj", "{41777CF5-6B0E-4AC1-BFB7-2A0D6E0F4344}"
EndProject
Project("{FAE04EC0-301F-11D3-BF4B-00C04F79EFBC}") = "Users.Repository", "Users\Users.Repository\Users.Repository.csproj", "{DBE8B76C-78B0-4907-B4B6-C111BF351C07}"
EndProject
Project("{FAE04EC0-301F-11D3-BF4B-00C04F79EFBC}") = "Users.Registration.Service", "Users\Users.Registration.Service\Users.Registration.Service.csproj", "{D5687706-75EC-4424-A05B-9C4B2D5ED33F}"
EndProject
Project("{FAE04EC0-301F-11D3-BF4B-00C04F79EFBC}") = "Users.Domain.Entities", "Users\Users.Domain.Entities\Users.Domain.Entities.csproj", "{35CACE6C-3C7E-427D-BF45-6B89A5F325C9}"
EndProject
Project("{FAE04EC0-301F-11D3-BF4B-00C04F79EFBC}") = "Users.DomainService", "Users\Users.DomainService\Users.DomainService.csproj", "{38717194-ECA6-40C8-B6C4-E4C800292FA6}"
EndProject
Project("{FAE04EC0-301F-11D3-BF4B-00C04F79EFBC}") = "NotificationService", "Notification\NotificationService\NotificationService.csproj", "{610D0AF0-2208-4E17-A442-ED9BB752306B}"
EndProject
Project("{FAE04EC0-301F-11D3-BF4B-00C04F79EFBC}") = "HumanResources", "HR\HumanResources\HumanResources.csproj", "{0D2FD307-D323-4B59-B76F-30CBD17C1F27}"
EndProject
Project("{FAE04EC0-301F-11D3-BF4B-00C04F79EFBC}") = "HumanResources.Domain.Entities", "HR\HumanResources.Domain.Entities\HumanResources.Domain.Entities.csproj", "{8C8F21A7-6F11-41B3-88E9-F510F626124A}"
EndProject
Project("{FAE04EC0-301F-11D3-BF4B-00C04F79EFBC}") = "HumanResource.DomainServices", "HR\HumanResource.DomainServices\HumanResource.DomainServices.csproj", "{ACE09FC0-47B5-4F7A-AB03-6CCF2A7AE31D}"
EndProject
Project("{FAE04EC0-301F-11D3-BF4B-00C04F79EFBC}") = "HumanResource.Repository", "HR\HumanResource.Repository\HumanResource.Repository.csproj", "{8EE7B635-4F09-4CF9-8739-38B34C550E2D}"
EndProject
Project("{2150E333-8FDC-42A3-9474-1A3956D46DE8}") = "04 - Messaging", "04 - Messaging", "{38BDF4CF-806A-4F53-86E6-961E2B6E2CB5}"
EndProject
Project("{FAE04EC0-301F-11D3-BF4B-00C04F79EFBC}") = "HumanResources.Messaging", "HR\HumanResources.Messaging\HumanResources.Messaging.csproj", "{6856E1F2-B63B-4D4A-8BC8-8685EE11B476}"
EndProject
Global
	GlobalSection(SolutionConfigurationPlatforms) = preSolution
		Debug|Any CPU = Debug|Any CPU
		Release|Any CPU = Release|Any CPU
	EndGlobalSection
	GlobalSection(ProjectConfigurationPlatforms) = postSolution
		{A2A68015-F69D-4D57-AA2A-21831208F46E}.Debug|Any CPU.ActiveCfg = Debug|Any CPU
		{A2A68015-F69D-4D57-AA2A-21831208F46E}.Debug|Any CPU.Build.0 = Debug|Any CPU
		{A2A68015-F69D-4D57-AA2A-21831208F46E}.Release|Any CPU.ActiveCfg = Release|Any CPU
		{A2A68015-F69D-4D57-AA2A-21831208F46E}.Release|Any CPU.Build.0 = Release|Any CPU
		{41777CF5-6B0E-4AC1-BFB7-2A0D6E0F4344}.Debug|Any CPU.ActiveCfg = Debug|Any CPU
		{41777CF5-6B0E-4AC1-BFB7-2A0D6E0F4344}.Debug|Any CPU.Build.0 = Debug|Any CPU
		{41777CF5-6B0E-4AC1-BFB7-2A0D6E0F4344}.Release|Any CPU.ActiveCfg = Release|Any CPU
		{41777CF5-6B0E-4AC1-BFB7-2A0D6E0F4344}.Release|Any CPU.Build.0 = Release|Any CPU
		{DBE8B76C-78B0-4907-B4B6-C111BF351C07}.Debug|Any CPU.ActiveCfg = Debug|Any CPU
		{DBE8B76C-78B0-4907-B4B6-C111BF351C07}.Debug|Any CPU.Build.0 = Debug|Any CPU
		{DBE8B76C-78B0-4907-B4B6-C111BF351C07}.Release|Any CPU.ActiveCfg = Release|Any CPU
		{DBE8B76C-78B0-4907-B4B6-C111BF351C07}.Release|Any CPU.Build.0 = Release|Any CPU
		{D5687706-75EC-4424-A05B-9C4B2D5ED33F}.Debug|Any CPU.ActiveCfg = Debug|Any CPU
		{D5687706-75EC-4424-A05B-9C4B2D5ED33F}.Debug|Any CPU.Build.0 = Debug|Any CPU
		{D5687706-75EC-4424-A05B-9C4B2D5ED33F}.Release|Any CPU.ActiveCfg = Release|Any CPU
		{D5687706-75EC-4424-A05B-9C4B2D5ED33F}.Release|Any CPU.Build.0 = Release|Any CPU
		{35CACE6C-3C7E-427D-BF45-6B89A5F325C9}.Debug|Any CPU.ActiveCfg = Debug|Any CPU
		{35CACE6C-3C7E-427D-BF45-6B89A5F325C9}.Debug|Any CPU.Build.0 = Debug|Any CPU
		{35CACE6C-3C7E-427D-BF45-6B89A5F325C9}.Release|Any CPU.ActiveCfg = Release|Any CPU
		{35CACE6C-3C7E-427D-BF45-6B89A5F325C9}.Release|Any CPU.Build.0 = Release|Any CPU
		{38717194-ECA6-40C8-B6C4-E4C800292FA6}.Debug|Any CPU.ActiveCfg = Debug|Any CPU
		{38717194-ECA6-40C8-B6C4-E4C800292FA6}.Debug|Any CPU.Build.0 = Debug|Any CPU
		{38717194-ECA6-40C8-B6C4-E4C800292FA6}.Release|Any CPU.ActiveCfg = Release|Any CPU
		{38717194-ECA6-40C8-B6C4-E4C800292FA6}.Release|Any CPU.Build.0 = Release|Any CPU
		{610D0AF0-2208-4E17-A442-ED9BB752306B}.Debug|Any CPU.ActiveCfg = Debug|Any CPU
		{610D0AF0-2208-4E17-A442-ED9BB752306B}.Debug|Any CPU.Build.0 = Debug|Any CPU
		{610D0AF0-2208-4E17-A442-ED9BB752306B}.Release|Any CPU.ActiveCfg = Release|Any CPU
		{610D0AF0-2208-4E17-A442-ED9BB752306B}.Release|Any CPU.Build.0 = Release|Any CPU
		{0D2FD307-D323-4B59-B76F-30CBD17C1F27}.Debug|Any CPU.ActiveCfg = Debug|Any CPU
		{0D2FD307-D323-4B59-B76F-30CBD17C1F27}.Debug|Any CPU.Build.0 = Debug|Any CPU
		{0D2FD307-D323-4B59-B76F-30CBD17C1F27}.Release|Any CPU.ActiveCfg = Release|Any CPU
		{0D2FD307-D323-4B59-B76F-30CBD17C1F27}.Release|Any CPU.Build.0 = Release|Any CPU
		{8C8F21A7-6F11-41B3-88E9-F510F626124A}.Debug|Any CPU.ActiveCfg = Debug|Any CPU
		{8C8F21A7-6F11-41B3-88E9-F510F626124A}.Debug|Any CPU.Build.0 = Debug|Any CPU
		{8C8F21A7-6F11-41B3-88E9-F510F626124A}.Release|Any CPU.ActiveCfg = Release|Any CPU
		{8C8F21A7-6F11-41B3-88E9-F510F626124A}.Release|Any CPU.Build.0 = Release|Any CPU
		{ACE09FC0-47B5-4F7A-AB03-6CCF2A7AE31D}.Debug|Any CPU.ActiveCfg = Debug|Any CPU
		{ACE09FC0-47B5-4F7A-AB03-6CCF2A7AE31D}.Debug|Any CPU.Build.0 = Debug|Any CPU
		{ACE09FC0-47B5-4F7A-AB03-6CCF2A7AE31D}.Release|Any CPU.ActiveCfg = Release|Any CPU
		{ACE09FC0-47B5-4F7A-AB03-6CCF2A7AE31D}.Release|Any CPU.Build.0 = Release|Any CPU
		{8EE7B635-4F09-4CF9-8739-38B34C550E2D}.Debug|Any CPU.ActiveCfg = Debug|Any CPU
		{8EE7B635-4F09-4CF9-8739-38B34C550E2D}.Debug|Any CPU.Build.0 = Debug|Any CPU
		{8EE7B635-4F09-4CF9-8739-38B34C550E2D}.Release|Any CPU.ActiveCfg = Release|Any CPU
		{8EE7B635-4F09-4CF9-8739-38B34C550E2D}.Release|Any CPU.Build.0 = Release|Any CPU
		{6856E1F2-B63B-4D4A-8BC8-8685EE11B476}.Debug|Any CPU.ActiveCfg = Debug|Any CPU
		{6856E1F2-B63B-4D4A-8BC8-8685EE11B476}.Debug|Any CPU.Build.0 = Debug|Any CPU
		{6856E1F2-B63B-4D4A-8BC8-8685EE11B476}.Release|Any CPU.ActiveCfg = Release|Any CPU
		{6856E1F2-B63B-4D4A-8BC8-8685EE11B476}.Release|Any CPU.Build.0 = Release|Any CPU
	EndGlobalSection
	GlobalSection(SolutionProperties) = preSolution
		HideSolutionNode = FALSE
	EndGlobalSection
	GlobalSection(NestedProjects) = preSolution
		{A2A68015-F69D-4D57-AA2A-21831208F46E} = {23EAA43A-5E7F-4DF4-A4AF-2B37AF0800F0}
		{BCF312CF-324A-4C45-AC91-506CDB3FA803} = {4FDE00FD-5AC4-46A8-A63F-28C506CEA779}
		{27C730C2-C2E0-4EA8-9D9A-815672354E62} = {C2990794-7E75-46DA-B431-BA4FB7295D9D}
		{1AA31189-AAD4-4808-90F8-EB4723CBB408} = {C2990794-7E75-46DA-B431-BA4FB7295D9D}
		{94BE9E43-88C5-4ABD-ADA7-864E9A004D92} = {C2990794-7E75-46DA-B431-BA4FB7295D9D}
		{8891ABFC-2121-46F8-A324-F07E3567DBF4} = {D2852E02-18A0-448B-80A1-2F0ADCBE03D1}
		{F8D2D395-991C-4E87-9FB1-39CD94CED028} = {D2852E02-18A0-448B-80A1-2F0ADCBE03D1}
		{F24E6EF3-287F-4A2B-9049-DD5B2EE5A48C} = {D2852E02-18A0-448B-80A1-2F0ADCBE03D1}
		{ACBE9B86-B0CA-4474-8115-A35B2675E12E} = {D2852E02-18A0-448B-80A1-2F0ADCBE03D1}
		{41777CF5-6B0E-4AC1-BFB7-2A0D6E0F4344} = {ACBE9B86-B0CA-4474-8115-A35B2675E12E}
		{DBE8B76C-78B0-4907-B4B6-C111BF351C07} = {F24E6EF3-287F-4A2B-9049-DD5B2EE5A48C}
		{D5687706-75EC-4424-A05B-9C4B2D5ED33F} = {8891ABFC-2121-46F8-A324-F07E3567DBF4}
		{35CACE6C-3C7E-427D-BF45-6B89A5F325C9} = {F8D2D395-991C-4E87-9FB1-39CD94CED028}
		{38717194-ECA6-40C8-B6C4-E4C800292FA6} = {F8D2D395-991C-4E87-9FB1-39CD94CED028}
		{610D0AF0-2208-4E17-A442-ED9BB752306B} = {BCF312CF-324A-4C45-AC91-506CDB3FA803}
		{0D2FD307-D323-4B59-B76F-30CBD17C1F27} = {27C730C2-C2E0-4EA8-9D9A-815672354E62}
		{8C8F21A7-6F11-41B3-88E9-F510F626124A} = {1AA31189-AAD4-4808-90F8-EB4723CBB408}
		{ACE09FC0-47B5-4F7A-AB03-6CCF2A7AE31D} = {1AA31189-AAD4-4808-90F8-EB4723CBB408}
		{8EE7B635-4F09-4CF9-8739-38B34C550E2D} = {94BE9E43-88C5-4ABD-ADA7-864E9A004D92}
		{38BDF4CF-806A-4F53-86E6-961E2B6E2CB5} = {C2990794-7E75-46DA-B431-BA4FB7295D9D}
		{6856E1F2-B63B-4D4A-8BC8-8685EE11B476} = {38BDF4CF-806A-4F53-86E6-961E2B6E2CB5}
	EndGlobalSection
EndGlobal
